
Microsoft Visual Studio Solution File, Format Version 12.00
# Visual Studio Version 17
VisualStudioVersion = 17.11.35312.102
MinimumVisualStudioVersion = 10.0.40219.1
Project("{FAE04EC0-301F-11D3-BF4B-00C04F79EFBC}") = "CoreBot", "DifyBot\CoreBot\CoreBot.csproj", "{C5786391-322A-43A8-B9D1-05B54AF2D9E8}"
EndProject
Global
	GlobalSection(SolutionConfigurationPlatforms) = preSolution
		Debug|Any CPU = Debug|Any CPU
		Release|Any CPU = Release|Any CPU
	EndGlobalSection
	GlobalSection(ProjectConfigurationPlatforms) = postSolution
		{C5786391-322A-43A8-B9D1-05B54AF2D9E8}.Debug|Any CPU.ActiveCfg = Debug|Any CPU
		{C5786391-322A-43A8-B9D1-05B54AF2D9E8}.Debug|Any CPU.Build.0 = Debug|Any CPU
		{C5786391-322A-43A8-B9D1-05B54AF2D9E8}.Release|Any CPU.ActiveCfg = Release|Any CPU
		{C5786391-322A-43A8-B9D1-05B54AF2D9E8}.Release|Any CPU.Build.0 = Release|Any CPU
	EndGlobalSection
	GlobalSection(SolutionProperties) = preSolution
		HideSolutionNode = FALSE
	EndGlobalSection
	GlobalSection(ExtensibilityGlobals) = postSolution
		SolutionGuid = {9C910935-94D5-424C-8D95-9B4B18C4CD42}
	EndGlobalSection
EndGlobal
